
Microsoft Visual Studio Solution File, Format Version 12.00
# Visual Studio Version 17
VisualStudioVersion = 17.6.33829.357
MinimumVisualStudioVersion = 10.0.40219.1
Project("{FAE04EC0-301F-11D3-BF4B-00C04F79EFBC}") = "Store.Domain", "Store.Domain\Store.Domain.csproj", "{DADFB173-DED8-4AAD-B49D-B379736CC6B6}"
EndProject
Global
	GlobalSection(SolutionConfigurationPlatforms) = preSolution
		Debug|Any CPU = Debug|Any CPU
		Release|Any CPU = Release|Any CPU
	EndGlobalSection
	GlobalSection(ProjectConfigurationPlatforms) = postSolution
		{DADFB173-DED8-4AAD-B49D-B379736CC6B6}.Debug|Any CPU.ActiveCfg = Debug|Any CPU
		{DADFB173-DED8-4AAD-B49D-B379736CC6B6}.Debug|Any CPU.Build.0 = Debug|Any CPU
		{DADFB173-DED8-4AAD-B49D-B379736CC6B6}.Release|Any CPU.ActiveCfg = Release|Any CPU
		{DADFB173-DED8-4AAD-B49D-B379736CC6B6}.Release|Any CPU.Build.0 = Release|Any CPU
	EndGlobalSection
	GlobalSection(SolutionProperties) = preSolution
		HideSolutionNode = FALSE
	EndGlobalSection
	GlobalSection(ExtensibilityGlobals) = postSolution
		SolutionGuid = {92D3DDB0-40EF-477A-93E4-F27BED374982}
	EndGlobalSection
EndGlobal
